
Microsoft Visual Studio Solution File, Format Version 12.00
# Visual Studio Version 16
VisualStudioVersion = 16.0.30717.126
MinimumVisualStudioVersion = 10.0.40219.1
Project("{9A19103F-16F7-4668-BE54-9A1E7A4F7556}") = "BlazorHolaMundo.Server", "BlazorHolaMundo\Server\BlazorHolaMundo.Server.csproj", "{4DC81746-D8D6-4AEF-B75E-E3F8B1D79109}"
EndProject
Project("{9A19103F-16F7-4668-BE54-9A1E7A4F7556}") = "BlazorHolaMundo.Client", "BlazorHolaMundo\Client\BlazorHolaMundo.Client.csproj", "{68B36DC7-6AB8-4715-A21E-A713FA87BE61}"
EndProject
Project("{9A19103F-16F7-4668-BE54-9A1E7A4F7556}") = "BlazorHolaMundo.Shared", "BlazorHolaMundo\Shared\BlazorHolaMundo.Shared.csproj", "{1C042112-A017-4191-85ED-59028CD19BD4}"
EndProject
Global
	GlobalSection(SolutionConfigurationPlatforms) = preSolution
		Debug|Any CPU = Debug|Any CPU
		Release|Any CPU = Release|Any CPU
	EndGlobalSection
	GlobalSection(ProjectConfigurationPlatforms) = postSolution
		{4DC81746-D8D6-4AEF-B75E-E3F8B1D79109}.Debug|Any CPU.ActiveCfg = Debug|Any CPU
		{4DC81746-D8D6-4AEF-B75E-E3F8B1D79109}.Debug|Any CPU.Build.0 = Debug|Any CPU
		{4DC81746-D8D6-4AEF-B75E-E3F8B1D79109}.Release|Any CPU.ActiveCfg = Release|Any CPU
		{4DC81746-D8D6-4AEF-B75E-E3F8B1D79109}.Release|Any CPU.Build.0 = Release|Any CPU
		{68B36DC7-6AB8-4715-A21E-A713FA87BE61}.Debug|Any CPU.ActiveCfg = Debug|Any CPU
		{68B36DC7-6AB8-4715-A21E-A713FA87BE61}.Debug|Any CPU.Build.0 = Debug|Any CPU
		{68B36DC7-6AB8-4715-A21E-A713FA87BE61}.Release|Any CPU.ActiveCfg = Release|Any CPU
		{68B36DC7-6AB8-4715-A21E-A713FA87BE61}.Release|Any CPU.Build.0 = Release|Any CPU
		{1C042112-A017-4191-85ED-59028CD19BD4}.Debug|Any CPU.ActiveCfg = Debug|Any CPU
		{1C042112-A017-4191-85ED-59028CD19BD4}.Debug|Any CPU.Build.0 = Debug|Any CPU
		{1C042112-A017-4191-85ED-59028CD19BD4}.Release|Any CPU.ActiveCfg = Release|Any CPU
		{1C042112-A017-4191-85ED-59028CD19BD4}.Release|Any CPU.Build.0 = Release|Any CPU
	EndGlobalSection
	GlobalSection(SolutionProperties) = preSolution
		HideSolutionNode = FALSE
	EndGlobalSection
	GlobalSection(ExtensibilityGlobals) = postSolution
		SolutionGuid = {2E0B3929-5735-4B03-B927-3C72E6FFB42F}
	EndGlobalSection
EndGlobal
